{
  "version": "2",
  "remote": {
    "https://deno.land/std@0.192.0/collections/filter_values.ts": "5b9feaf17b9a6e5ffccdd36cf6f38fa4ffa94cff2602d381c2ad0c2a97929652",
    "https://deno.land/std@0.192.0/collections/without_all.ts": "a89f5da0b5830defed4f59666e188df411d8fece35a5f6ca69be6ca71a95c185",
    "https://deno.land/std@0.192.0/dotenv/load.ts": "0636983549b98f29ab75c9a22a42d9723f0a389ece5498fe971e7bb2556a12e2",
    "https://deno.land/std@0.192.0/dotenv/mod.ts": "f5a8123741d1561ae8184a7f043bc097b15132c5171c651142b804b6dbc21853",
    "https://deno.land/x/notion_sdk@v2.2.3/src/Client.ts": "00938a998e9aa825688979e6b51669f12387ff9800477dda255ca325a7868de8",
    "https://deno.land/x/notion_sdk@v2.2.3/src/api-endpoints.ts": "2390b0e86be564a00e1b97f2cf2877f5ffbe09221208cf93f865ce45ef71b27b",
    "https://deno.land/x/notion_sdk@v2.2.3/src/errors.ts": "43a4845c2e6576ccee7c6056172a194a6baefc3957d1ac92af6420297883197a",
    "https://deno.land/x/notion_sdk@v2.2.3/src/helpers.ts": "f5623eb0999cdbaede187af6737eac4cd557d089ee09399bd920d3d55b296743",
    "https://deno.land/x/notion_sdk@v2.2.3/src/logging.ts": "78ff1ed03a20a356b9c9f2cb080aaafec80702c9c292d3a6d229f34e39be6869",
    "https://deno.land/x/notion_sdk@v2.2.3/src/mod.ts": "fd42505b28c4dcc791369f2a070a4871799aa86bbfdb39f60745dd7746a4e684",
    "https://deno.land/x/notion_sdk@v2.2.3/src/type-utils.ts": "f533961a11ca45b4362de4688087104da18c37f5fc081c2d388112891287f033",
    "https://deno.land/x/notion_sdk@v2.2.3/src/utils.ts": "e47eefcad19c6b4ce4c5ee7f34e9201edf4ba7af5f9e3fababc3253e0bb637cd",
    "https://deno.land/x/ptera@v1.0.2/constants.ts": "61659e7f70136d73e0215d373fa815427f424a8b1596bf88ba62da4f542b4c2a",
    "https://deno.land/x/ptera@v1.0.2/convert.ts": "f4251fd3f46b7924fc70f2e81c13eeee9123897478b309e3117cc8b421386c81",
    "https://deno.land/x/ptera@v1.0.2/datetime.ts": "fd6bd0e6bc8cb6ddd21416d7f9bde6fca93d0a6de17dfad676ce79af1cd667a3",
    "https://deno.land/x/ptera@v1.0.2/diff.ts": "262cacd353e4feb923ae17845bcbd4368eeeb0e6557fc0d9069c7adfd920e080",
    "https://deno.land/x/ptera@v1.0.2/format.ts": "d56ee7bbf56bc19976197e1bf15f1d182a00a190c3103a6e544f0fd2f14d3ff6",
    "https://deno.land/x/ptera@v1.0.2/local_time.ts": "3836e80d81f1d4ba40fa266632076e0159cc58d1e2ffc23fccfb5249e1c5b780",
    "https://deno.land/x/ptera@v1.0.2/locale.ts": "ec9ef85d52f525e9cdb770dc391841d9ef6a72e84f88eff3c4114da7d0a986d1",
    "https://deno.land/x/ptera@v1.0.2/mod.ts": "741221c4e7c972d0d0a7745464dcd87611f41729d923b1e40f57ce24c44ae98b",
    "https://deno.land/x/ptera@v1.0.2/parse_date.ts": "51ba2b0917ef9015316b84072766286fd693df553930dfb52e024eb441c19d16",
    "https://deno.land/x/ptera@v1.0.2/timezone.ts": "4871b64bb0d5e01a968c51dbc34e724a5526149acfb5097f410dfb970bf505cb",
    "https://deno.land/x/ptera@v1.0.2/types.ts": "24b378ccf1f8e1783022ffe96312ef7c12deb39a62aa33832a3c3555954e663b",
    "https://deno.land/x/ptera@v1.0.2/utils.ts": "1651c7740fef85901af34bbfcd8d9bd467a4313b5a4d5074e2603f989f1ee77a",
    "https://deno.land/x/ptera@v1.0.2/zoned_time.ts": "d0578c18b534625c157eaea6daa88c71708b801f03793a05bc48ba492044191e",
    "https://deno.land/x/sleep@v1.2.1/mod.ts": "f2d3c9e1ef1fb2852f580f6960384bed36bc18a2da357c35f11a089fcca44273",
    "https://deno.land/x/sleep@v1.2.1/sleep.ts": "2426efe5d3ce5de0b8af08bd36a8700deb5dc60e752f5f8f05d5e815a7e8cb0e"
  }
}
